
Microsoft Visual Studio Solution File, Format Version 12.00
Project("{FAE04EC0-301F-11D3-BF4B-00C04F79EFBC}") = "DiscordEqueBot", "DiscordEqueBot\DiscordEqueBot.csproj", "{04A234C5-2494-4630-BCDC-EB7B47C3B351}"
EndProject
Project("{FAE04EC0-301F-11D3-BF4B-00C04F79EFBC}") = "Test", "Test\Test.csproj", "{7CF9A5C1-6AEA-4870-B5D2-6822D9CDCF4F}"
EndProject
Global
	GlobalSection(SolutionConfigurationPlatforms) = preSolution
		Debug|Any CPU = Debug|Any CPU
		Release|Any CPU = Release|Any CPU
	EndGlobalSection
	GlobalSection(ProjectConfigurationPlatforms) = postSolution
		{04A234C5-2494-4630-BCDC-EB7B47C3B351}.Debug|Any CPU.ActiveCfg = Debug|Any CPU
		{04A234C5-2494-4630-BCDC-EB7B47C3B351}.Debug|Any CPU.Build.0 = Debug|Any CPU
		{04A234C5-2494-4630-BCDC-EB7B47C3B351}.Release|Any CPU.ActiveCfg = Release|Any CPU
		{04A234C5-2494-4630-BCDC-EB7B47C3B351}.Release|Any CPU.Build.0 = Release|Any CPU
		{7CF9A5C1-6AEA-4870-B5D2-6822D9CDCF4F}.Debug|Any CPU.ActiveCfg = Debug|Any CPU
		{7CF9A5C1-6AEA-4870-B5D2-6822D9CDCF4F}.Debug|Any CPU.Build.0 = Debug|Any CPU
		{7CF9A5C1-6AEA-4870-B5D2-6822D9CDCF4F}.Release|Any CPU.ActiveCfg = Release|Any CPU
		{7CF9A5C1-6AEA-4870-B5D2-6822D9CDCF4F}.Release|Any CPU.Build.0 = Release|Any CPU
	EndGlobalSection
EndGlobal
